
Microsoft Visual Studio Solution File, Format Version 12.00
# Visual Studio Version 16
VisualStudioVersion = 16.0.31005.135
MinimumVisualStudioVersion = 10.0.40219.1
Project("{9A19103F-16F7-4668-BE54-9A1E7A4F7556}") = "SolarCoffee.Web", "SolarCoffee.Web\SolarCoffee.Web.csproj", "{427B810C-EF2D-44E9-9272-D86DEA142359}"
EndProject
Project("{9A19103F-16F7-4668-BE54-9A1E7A4F7556}") = "SolarCoffee.Services", "SolarCoffee.Services\SolarCoffee.Services.csproj", "{4FD71848-E33A-4F4B-86A0-E1F4CAB8344F}"
EndProject
Project("{9A19103F-16F7-4668-BE54-9A1E7A4F7556}") = "SolarCoffee.Test", "SolarCoffee.Test\SolarCoffee.Test.csproj", "{1AE7F916-8453-46C5-8E60-E1002F04456B}"
EndProject
Project("{9A19103F-16F7-4668-BE54-9A1E7A4F7556}") = "SolarCoffee.Data", "SolarCoffee.Data\SolarCoffee.Data.csproj", "{7347CAA0-E7EC-481C-BF75-2DF6D257EE1C}"
EndProject
Global
	GlobalSection(SolutionConfigurationPlatforms) = preSolution
		Debug|Any CPU = Debug|Any CPU
		Release|Any CPU = Release|Any CPU
	EndGlobalSection
	GlobalSection(ProjectConfigurationPlatforms) = postSolution
		{427B810C-EF2D-44E9-9272-D86DEA142359}.Debug|Any CPU.ActiveCfg = Debug|Any CPU
		{427B810C-EF2D-44E9-9272-D86DEA142359}.Debug|Any CPU.Build.0 = Debug|Any CPU
		{427B810C-EF2D-44E9-9272-D86DEA142359}.Release|Any CPU.ActiveCfg = Release|Any CPU
		{427B810C-EF2D-44E9-9272-D86DEA142359}.Release|Any CPU.Build.0 = Release|Any CPU
		{4FD71848-E33A-4F4B-86A0-E1F4CAB8344F}.Debug|Any CPU.ActiveCfg = Debug|Any CPU
		{4FD71848-E33A-4F4B-86A0-E1F4CAB8344F}.Debug|Any CPU.Build.0 = Debug|Any CPU
		{4FD71848-E33A-4F4B-86A0-E1F4CAB8344F}.Release|Any CPU.ActiveCfg = Release|Any CPU
		{4FD71848-E33A-4F4B-86A0-E1F4CAB8344F}.Release|Any CPU.Build.0 = Release|Any CPU
		{1AE7F916-8453-46C5-8E60-E1002F04456B}.Debug|Any CPU.ActiveCfg = Debug|Any CPU
		{1AE7F916-8453-46C5-8E60-E1002F04456B}.Debug|Any CPU.Build.0 = Debug|Any CPU
		{1AE7F916-8453-46C5-8E60-E1002F04456B}.Release|Any CPU.ActiveCfg = Release|Any CPU
		{1AE7F916-8453-46C5-8E60-E1002F04456B}.Release|Any CPU.Build.0 = Release|Any CPU
		{7347CAA0-E7EC-481C-BF75-2DF6D257EE1C}.Debug|Any CPU.ActiveCfg = Debug|Any CPU
		{7347CAA0-E7EC-481C-BF75-2DF6D257EE1C}.Debug|Any CPU.Build.0 = Debug|Any CPU
		{7347CAA0-E7EC-481C-BF75-2DF6D257EE1C}.Release|Any CPU.ActiveCfg = Release|Any CPU
		{7347CAA0-E7EC-481C-BF75-2DF6D257EE1C}.Release|Any CPU.Build.0 = Release|Any CPU
	EndGlobalSection
	GlobalSection(SolutionProperties) = preSolution
		HideSolutionNode = FALSE
	EndGlobalSection
	GlobalSection(ExtensibilityGlobals) = postSolution
		SolutionGuid = {3061B76F-DDF2-4B4D-B877-B1F76127E3AA}
	EndGlobalSection
EndGlobal
